
Microsoft Visual Studio Solution File, Format Version 12.00
# Visual Studio Version 17
VisualStudioVersion = 17.13.35818.85 d17.13
MinimumVisualStudioVersion = 10.0.40219.1
Project("{54A90642-561A-4BB1-A94E-469ADEE60C69}") = "gatheringmanager", "GatheringManager\gatheringmanager.esproj", "{0838BB9E-411E-B89F-CEEE-67A81B1AE7F5}"
EndProject
Global
	GlobalSection(SolutionConfigurationPlatforms) = preSolution
		Debug|Any CPU = Debug|Any CPU
		Release|Any CPU = Release|Any CPU
	EndGlobalSection
	GlobalSection(ProjectConfigurationPlatforms) = postSolution
		{0838BB9E-411E-B89F-CEEE-67A81B1AE7F5}.Debug|Any CPU.ActiveCfg = Debug|Any CPU
		{0838BB9E-411E-B89F-CEEE-67A81B1AE7F5}.Debug|Any CPU.Build.0 = Debug|Any CPU
		{0838BB9E-411E-B89F-CEEE-67A81B1AE7F5}.Debug|Any CPU.Deploy.0 = Debug|Any CPU
		{0838BB9E-411E-B89F-CEEE-67A81B1AE7F5}.Release|Any CPU.ActiveCfg = Release|Any CPU
		{0838BB9E-411E-B89F-CEEE-67A81B1AE7F5}.Release|Any CPU.Build.0 = Release|Any CPU
		{0838BB9E-411E-B89F-CEEE-67A81B1AE7F5}.Release|Any CPU.Deploy.0 = Release|Any CPU
	EndGlobalSection
	GlobalSection(SolutionProperties) = preSolution
		HideSolutionNode = FALSE
	EndGlobalSection
	GlobalSection(ExtensibilityGlobals) = postSolution
		SolutionGuid = {14B06E29-3D5B-458B-85F9-98DCFCED401E}
	EndGlobalSection
EndGlobal
